
Microsoft Visual Studio Solution File, Format Version 12.00
# Visual Studio Version 17
VisualStudioVersion = 17.2.32630.192
MinimumVisualStudioVersion = 10.0.40219.1
Project("{FAE04EC0-301F-11D3-BF4B-00C04F79EFBC}") = "ServerRSA", "ServerRSA\ServerRSA.csproj", "{F9362DAE-E67A-40D1-95A1-6E6536F9383A}"
EndProject
Global
	GlobalSection(SolutionConfigurationPlatforms) = preSolution
		Debug|Any CPU = Debug|Any CPU
		Release|Any CPU = Release|Any CPU
	EndGlobalSection
	GlobalSection(ProjectConfigurationPlatforms) = postSolution
		{F9362DAE-E67A-40D1-95A1-6E6536F9383A}.Debug|Any CPU.ActiveCfg = Debug|Any CPU
		{F9362DAE-E67A-40D1-95A1-6E6536F9383A}.Debug|Any CPU.Build.0 = Debug|Any CPU
		{F9362DAE-E67A-40D1-95A1-6E6536F9383A}.Release|Any CPU.ActiveCfg = Release|Any CPU
		{F9362DAE-E67A-40D1-95A1-6E6536F9383A}.Release|Any CPU.Build.0 = Release|Any CPU
	EndGlobalSection
	GlobalSection(SolutionProperties) = preSolution
		HideSolutionNode = FALSE
	EndGlobalSection
	GlobalSection(ExtensibilityGlobals) = postSolution
		SolutionGuid = {DEDE95D3-DF94-429F-A8C3-804EFA8ECFFD}
	EndGlobalSection
EndGlobal
